
Microsoft Visual Studio Solution File, Format Version 10.00
# Visual Studio 2008
Project("{FAE04EC0-301F-11D3-BF4B-00C04F79EFBC}") = "UnitTests", "UnitTests\UnitTests.csproj", "{29F7264E-B0B0-42FF-986E-71E38091E49E}"
EndProject
Project("{FAE04EC0-301F-11D3-BF4B-00C04F79EFBC}") = "IntegrationTests", "IntegrationTests\IntegrationTests.csproj", "{BF2DEAF2-8F1C-473D-B7FD-7BB6FA3ACEB4}"
EndProject
Project("{FAE04EC0-301F-11D3-BF4B-00C04F79EFBC}") = "DependencyResolution", "DependencyResolution\DependencyResolution.csproj", "{4D7114B0-2060-4219-9472-5A70AAF4799F}"
EndProject
Project("{FAE04EC0-301F-11D3-BF4B-00C04F79EFBC}") = "Infrastructure", "Infrastructure\Infrastructure.csproj", "{F1C80270-EE2B-4C07-8108-84BD355F4B47}"
EndProject
Project("{FAE04EC0-301F-11D3-BF4B-00C04F79EFBC}") = "Core", "Core\Core.csproj", "{0A89C326-4474-45E5-B829-604A96A73A40}"
EndProject
Project("{FAE04EC0-301F-11D3-BF4B-00C04F79EFBC}") = "UI", "UI\UI.csproj", "{FA84FBE0-2AB6-4837-A4F6-38F56BE2961E}"
EndProject
Global
	GlobalSection(SolutionConfigurationPlatforms) = preSolution
		Debug|Any CPU = Debug|Any CPU
		Release|Any CPU = Release|Any CPU
	EndGlobalSection
	GlobalSection(ProjectConfigurationPlatforms) = postSolution
		{29F7264E-B0B0-42FF-986E-71E38091E49E}.Debug|Any CPU.ActiveCfg = Debug|Any CPU
		{29F7264E-B0B0-42FF-986E-71E38091E49E}.Debug|Any CPU.Build.0 = Debug|Any CPU
		{29F7264E-B0B0-42FF-986E-71E38091E49E}.Release|Any CPU.ActiveCfg = Release|Any CPU
		{29F7264E-B0B0-42FF-986E-71E38091E49E}.Release|Any CPU.Build.0 = Release|Any CPU
		{BF2DEAF2-8F1C-473D-B7FD-7BB6FA3ACEB4}.Debug|Any CPU.ActiveCfg = Debug|Any CPU
		{BF2DEAF2-8F1C-473D-B7FD-7BB6FA3ACEB4}.Debug|Any CPU.Build.0 = Debug|Any CPU
		{BF2DEAF2-8F1C-473D-B7FD-7BB6FA3ACEB4}.Release|Any CPU.ActiveCfg = Release|Any CPU
		{BF2DEAF2-8F1C-473D-B7FD-7BB6FA3ACEB4}.Release|Any CPU.Build.0 = Release|Any CPU
		{4D7114B0-2060-4219-9472-5A70AAF4799F}.Debug|Any CPU.ActiveCfg = Debug|Any CPU
		{4D7114B0-2060-4219-9472-5A70AAF4799F}.Debug|Any CPU.Build.0 = Debug|Any CPU
		{4D7114B0-2060-4219-9472-5A70AAF4799F}.Release|Any CPU.ActiveCfg = Release|Any CPU
		{4D7114B0-2060-4219-9472-5A70AAF4799F}.Release|Any CPU.Build.0 = Release|Any CPU
		{F1C80270-EE2B-4C07-8108-84BD355F4B47}.Debug|Any CPU.ActiveCfg = Debug|Any CPU
		{F1C80270-EE2B-4C07-8108-84BD355F4B47}.Debug|Any CPU.Build.0 = Debug|Any CPU
		{F1C80270-EE2B-4C07-8108-84BD355F4B47}.Release|Any CPU.ActiveCfg = Release|Any CPU
		{F1C80270-EE2B-4C07-8108-84BD355F4B47}.Release|Any CPU.Build.0 = Release|Any CPU
		{0A89C326-4474-45E5-B829-604A96A73A40}.Debug|Any CPU.ActiveCfg = Debug|Any CPU
		{0A89C326-4474-45E5-B829-604A96A73A40}.Debug|Any CPU.Build.0 = Debug|Any CPU
		{0A89C326-4474-45E5-B829-604A96A73A40}.Release|Any CPU.ActiveCfg = Release|Any CPU
		{0A89C326-4474-45E5-B829-604A96A73A40}.Release|Any CPU.Build.0 = Release|Any CPU
		{FA84FBE0-2AB6-4837-A4F6-38F56BE2961E}.Debug|Any CPU.ActiveCfg = Debug|Any CPU
		{FA84FBE0-2AB6-4837-A4F6-38F56BE2961E}.Debug|Any CPU.Build.0 = Debug|Any CPU
		{FA84FBE0-2AB6-4837-A4F6-38F56BE2961E}.Release|Any CPU.ActiveCfg = Release|Any CPU
		{FA84FBE0-2AB6-4837-A4F6-38F56BE2961E}.Release|Any CPU.Build.0 = Release|Any CPU
	EndGlobalSection
	GlobalSection(SolutionProperties) = preSolution
		HideSolutionNode = FALSE
	EndGlobalSection
EndGlobal
